
Microsoft Visual Studio Solution File, Format Version 12.00
# Visual Studio Version 17
VisualStudioVersion = 17.3.32825.248
MinimumVisualStudioVersion = 10.0.40219.1
Project("{FAE04EC0-301F-11D3-BF4B-00C04F79EFBC}") = "Test2FA", "Test2FA\Test2FA.csproj", "{4873B6D1-B022-4513-92DF-F7859573347A}"
EndProject
Global
	GlobalSection(SolutionConfigurationPlatforms) = preSolution
		Debug|Any CPU = Debug|Any CPU
		Release|Any CPU = Release|Any CPU
	EndGlobalSection
	GlobalSection(ProjectConfigurationPlatforms) = postSolution
		{4873B6D1-B022-4513-92DF-F7859573347A}.Debug|Any CPU.ActiveCfg = Debug|Any CPU
		{4873B6D1-B022-4513-92DF-F7859573347A}.Debug|Any CPU.Build.0 = Debug|Any CPU
		{4873B6D1-B022-4513-92DF-F7859573347A}.Release|Any CPU.ActiveCfg = Release|Any CPU
		{4873B6D1-B022-4513-92DF-F7859573347A}.Release|Any CPU.Build.0 = Release|Any CPU
	EndGlobalSection
	GlobalSection(SolutionProperties) = preSolution
		HideSolutionNode = FALSE
	EndGlobalSection
	GlobalSection(ExtensibilityGlobals) = postSolution
		SolutionGuid = {46FF0AC3-AB5E-407B-A63B-2FA0F5EC4394}
	EndGlobalSection
EndGlobal
